
Microsoft Visual Studio Solution File, Format Version 12.00
# Visual Studio 15
VisualStudioVersion = 15.0.36324.19
MinimumVisualStudioVersion = 10.0.40219.1
Project("{D954291E-2A0B-460D-934E-DC6B0785DB48}") = "Street View Gear360", "Street View Gear360\Street View Gear360.shproj", "{103012D1-ED94-417E-9BCC-3D129A74E5E9}"
EndProject
Project("{2150E333-8FDC-42A3-9474-1A3956D46DE8}") = "Docs", "Docs", "{8CA94255-C9EB-47B2-AAE5-0A922C350D9A}"
	ProjectSection(SolutionItems) = preProject
		Docs\ReadMe.md = Docs\ReadMe.md
	EndProjectSection
EndProject
Global
	GlobalSection(SharedMSBuildProjectFiles) = preSolution
		Street View Gear360\Street View Gear360.projitems*{103012d1-ed94-417e-9bcc-3d129a74e5e9}*SharedItemsImports = 13
	EndGlobalSection
	GlobalSection(SolutionProperties) = preSolution
		HideSolutionNode = FALSE
	EndGlobalSection
	GlobalSection(ExtensibilityGlobals) = postSolution
		SolutionGuid = {2358ECEB-D0B6-4877-B3B2-CA76FC1DD475}
	EndGlobalSection
EndGlobal
