
Microsoft Visual Studio Solution File, Format Version 12.00
# Visual Studio 15
VisualStudioVersion = 15.0.36324.19
MinimumVisualStudioVersion = 10.0.40219.1
Project("{2150E333-8FDC-42A3-9474-1A3956D46DE8}") = "Docs", "Docs", "{8CA94255-C9EB-47B2-AAE5-0A922C350D9A}"
	ProjectSection(SolutionItems) = preProject
		Docs\ReadMe.md = Docs\ReadMe.md
	EndProjectSection
EndProject
Project("{2150E333-8FDC-42A3-9474-1A3956D46DE8}") = "Batch_Gear2GeoImages", "Batch_Gear2GeoImages", "{DB83BE92-9A7E-494B-B813-A738D8947EE4}"
	ProjectSection(SolutionItems) = preProject
		Batch_Gear2GeoImages\1_Split_Video.bat = Batch_Gear2GeoImages\1_Split_Video.bat
		Batch_Gear2GeoImages\2_Calc_Timestamps.xlsx = Batch_Gear2GeoImages\2_Calc_Timestamps.xlsx
		Batch_Gear2GeoImages\3_Set_Timestamps.bat = Batch_Gear2GeoImages\3_Set_Timestamps.bat
		Batch_Gear2GeoImages\4_StitcheImages.bat = Batch_Gear2GeoImages\4_StitcheImages.bat
		Batch_Gear2GeoImages\5_Geotag_Images.bat = Batch_Gear2GeoImages\5_Geotag_Images.bat
		Batch_Gear2GeoImages\gear360pano.cmd = Batch_Gear2GeoImages\gear360pano.cmd
		Batch_Gear2GeoImages\gear360video4096_V5.pto = Batch_Gear2GeoImages\gear360video4096_V5.pto
		Batch_Gear2GeoImages\Readme_Batch.txt = Batch_Gear2GeoImages\Readme_Batch.txt
		Batch_Gear2GeoImages\SAM.MP4 = Batch_Gear2GeoImages\SAM.MP4
		Batch_Gear2GeoImages\TRK.gpx = Batch_Gear2GeoImages\TRK.gpx
	EndProjectSection
EndProject
Global
	GlobalSection(SolutionProperties) = preSolution
		HideSolutionNode = FALSE
	EndGlobalSection
	GlobalSection(ExtensibilityGlobals) = postSolution
		SolutionGuid = {2358ECEB-D0B6-4877-B3B2-CA76FC1DD475}
	EndGlobalSection
EndGlobal
